
Microsoft Visual Studio Solution File, Format Version 12.00
# Visual Studio Version 16
VisualStudioVersion = 16.0.32002.261
MinimumVisualStudioVersion = 10.0.40219.1
Project("{9A19103F-16F7-4668-BE54-9A1E7A4F7556}") = "R5T.F0039", "R5T.F0039\R5T.F0039.csproj", "{6564AFFB-74F1-4B15-9DAE-EF2680C4F13C}"
EndProject
Global
	GlobalSection(SolutionConfigurationPlatforms) = preSolution
		Debug|Any CPU = Debug|Any CPU
		Release|Any CPU = Release|Any CPU
	EndGlobalSection
	GlobalSection(ProjectConfigurationPlatforms) = postSolution
		{6564AFFB-74F1-4B15-9DAE-EF2680C4F13C}.Debug|Any CPU.ActiveCfg = Debug|Any CPU
		{6564AFFB-74F1-4B15-9DAE-EF2680C4F13C}.Debug|Any CPU.Build.0 = Debug|Any CPU
		{6564AFFB-74F1-4B15-9DAE-EF2680C4F13C}.Release|Any CPU.ActiveCfg = Release|Any CPU
		{6564AFFB-74F1-4B15-9DAE-EF2680C4F13C}.Release|Any CPU.Build.0 = Release|Any CPU
	EndGlobalSection
	GlobalSection(SolutionProperties) = preSolution
		HideSolutionNode = FALSE
	EndGlobalSection
	GlobalSection(ExtensibilityGlobals) = postSolution
		SolutionGuid = {5DFB6E52-3E3F-4202-9D4B-4C158BE6B181}
	EndGlobalSection
EndGlobal
